// !$*UTF8*$!
{
	archiveVersion = 1;
	classes = {
	};
	objectVersion = 46;
	objects = {

/* Begin PBXBuildFile section */
		0188495372C84B3F0E5825B5 /* libPods-BMIBMRCalculator.a in Frameworks */ = {isa = PBXBuildFile; fileRef = 8AD7F70BD73EB8C8DD01B428 /* libPods-BMIBMRCalculator.a */; };
		E52A05951D0C57F600E64B88 /* CoreData.framework in Frameworks */ = {isa = PBXBuildFile; fileRef = E52A05941D0C57F600E64B88 /* CoreData.framework */; };
		E52A05981D0C58B400E64B88 /* BMIBMRRecord.xcdatamodeld in Sources */ = {isa = PBXBuildFile; fileRef = E52A05961D0C58B400E64B88 /* BMIBMRRecord.xcdatamodeld */; };
		E547D0F22005FC4D00E54920 /* weightScale.png in Resources */ = {isa = PBXBuildFile; fileRef = E547D0F12005FC4D00E54920 /* weightScale.png */; };
		E547D0F52007045E00E54920 /* FancyButton.m in Sources */ = {isa = PBXBuildFile; fileRef = E547D0F42007045E00E54920 /* FancyButton.m */; };
		E56A079B1D07F916009B8F32 /* main.m in Sources */ = {isa = PBXBuildFile; fileRef = E56A079A1D07F916009B8F32 /* main.m */; };
		E56A07A41D07F916009B8F32 /* Main.storyboard in Resources */ = {isa = PBXBuildFile; fileRef = E56A07A21D07F916009B8F32 /* Main.storyboard */; };
		E56A07A61D07F916009B8F32 /* Assets.xcassets in Resources */ = {isa = PBXBuildFile; fileRef = E56A07A51D07F916009B8F32 /* Assets.xcassets */; };
		E56A07A91D07F916009B8F32 /* LaunchScreen.storyboard in Resources */ = {isa = PBXBuildFile; fileRef = E56A07A71D07F916009B8F32 /* LaunchScreen.storyboard */; };
		E5C24B002000C5140037BB41 /* backgroundImage.png in Resources */ = {isa = PBXBuildFile; fileRef = E5C24AFF2000C5140037BB41 /* backgroundImage.png */; };
		E5C24B052000C51B0037BB41 /* AllRecord+CoreDataProperties.m in Sources */ = {isa = PBXBuildFile; fileRef = E5C24B012000C51B0037BB41 /* AllRecord+CoreDataProperties.m */; };
		E5C24B062000C51B0037BB41 /* AllRecord.m in Sources */ = {isa = PBXBuildFile; fileRef = E5C24B032000C51B0037BB41 /* AllRecord.m */; };
		E5C24B092000C5210037BB41 /* HistoryTableViewCell.m in Sources */ = {isa = PBXBuildFile; fileRef = E5C24B072000C5210037BB41 /* HistoryTableViewCell.m */; };
		E5C24B122000C52A0037BB41 /* AppDelegate.m in Sources */ = {isa = PBXBuildFile; fileRef = E5C24B0A2000C5290037BB41 /* AppDelegate.m */; };
		E5C24B132000C52A0037BB41 /* HistoryTableViewController.m in Sources */ = {isa = PBXBuildFile; fileRef = E5C24B0D2000C5290037BB41 /* HistoryTableViewController.m */; };
		E5C24B182000CD4B0037BB41 /* MainVC.m in Sources */ = {isa = PBXBuildFile; fileRef = E5C24B172000CD4B0037BB41 /* MainVC.m */; };
		E5C24BA320020BDD0037BB41 /* CoreDataManager.m in Sources */ = {isa = PBXBuildFile; fileRef = E5C24BA220020BDD0037BB41 /* CoreDataManager.m */; };
		E5F63EB51D0E978E0042CD19 /* GoogleService-Info.plist in Resources */ = {isa = PBXBuildFile; fileRef = E5F63EB41D0E978E0042CD19 /* GoogleService-Info.plist */; };
/* End PBXBuildFile section */

/* Begin PBXFileReference section */
		6CEFDDA5E67C7D4CD64C4A62 /* Pods-BMIBMRCalculator.release.xcconfig */ = {isa = PBXFileReference; includeInIndex = 1; lastKnownFileType = text.xcconfig; name = "Pods-BMIBMRCalculator.release.xcconfig"; path = "Pods/Target Support Files/Pods-BMIBMRCalculator/Pods-BMIBMRCalculator.release.xcconfig"; sourceTree = "<group>"; };
		8AD7F70BD73EB8C8DD01B428 /* libPods-BMIBMRCalculator.a */ = {isa = PBXFileReference; explicitFileType = archive.ar; includeInIndex = 0; path = "libPods-BMIBMRCalculator.a"; sourceTree = BUILT_PRODUCTS_DIR; };
		966125A211D2B4555F37A346 /* Pods-BMIBMRCalculator.debug.xcconfig */ = {isa = PBXFileReference; includeInIndex = 1; lastKnownFileType = text.xcconfig; name = "Pods-BMIBMRCalculator.debug.xcconfig"; path = "Pods/Target Support Files/Pods-BMIBMRCalculator/Pods-BMIBMRCalculator.debug.xcconfig"; sourceTree = "<group>"; };
		E52A05941D0C57F600E64B88 /* CoreData.framework */ = {isa = PBXFileReference; lastKnownFileType = wrapper.framework; name = CoreData.framework; path = System/Library/Frameworks/CoreData.framework; sourceTree = SDKROOT; };
		E52A05971D0C58B400E64B88 /* BMIBMRRecord.xcdatamodel */ = {isa = PBXFileReference; lastKnownFileType = wrapper.xcdatamodel; path = BMIBMRRecord.xcdatamodel; sourceTree = "<group>"; };
		E547D0F12005FC4D00E54920 /* weightScale.png */ = {isa = PBXFileReference; lastKnownFileType = image.png; path = weightScale.png; sourceTree = "<group>"; };
		E547D0F32007045E00E54920 /* FancyButton.h */ = {isa = PBXFileReference; lastKnownFileType = sourcecode.c.h; path = FancyButton.h; sourceTree = "<group>"; };
		E547D0F42007045E00E54920 /* FancyButton.m */ = {isa = PBXFileReference; lastKnownFileType = sourcecode.c.objc; path = FancyButton.m; sourceTree = "<group>"; };
		E56A07961D07F916009B8F32 /* BMIBMR.app */ = {isa = PBXFileReference; explicitFileType = wrapper.application; includeInIndex = 0; path = BMIBMR.app; sourceTree = BUILT_PRODUCTS_DIR; };
		E56A079A1D07F916009B8F32 /* main.m */ = {isa = PBXFileReference; lastKnownFileType = sourcecode.c.objc; path = main.m; sourceTree = "<group>"; };
		E56A07A31D07F916009B8F32 /* Base */ = {isa = PBXFileReference; lastKnownFileType = file.storyboard; name = Base; path = Base.lproj/Main.storyboard; sourceTree = "<group>"; };
		E56A07A51D07F916009B8F32 /* Assets.xcassets */ = {isa = PBXFileReference; lastKnownFileType = folder.assetcatalog; path = Assets.xcassets; sourceTree = "<group>"; };
		E56A07A81D07F916009B8F32 /* Base */ = {isa = PBXFileReference; lastKnownFileType = file.storyboard; name = Base; path = Base.lproj/LaunchScreen.storyboard; sourceTree = "<group>"; };
		E56A07AA1D07F916009B8F32 /* Info.plist */ = {isa = PBXFileReference; lastKnownFileType = text.plist.xml; path = Info.plist; sourceTree = "<group>"; };
		E5C24AFF2000C5140037BB41 /* backgroundImage.png */ = {isa = PBXFileReference; lastKnownFileType = image.png; name = backgroundImage.png; path = Resources/backgroundImage.png; sourceTree = "<group>"; };
		E5C24B012000C51B0037BB41 /* AllRecord+CoreDataProperties.m */ = {isa = PBXFileReference; fileEncoding = 4; lastKnownFileType = sourcecode.c.objc; path = "AllRecord+CoreDataProperties.m"; sourceTree = "<group>"; };
		E5C24B022000C51B0037BB41 /* AllRecord+CoreDataProperties.h */ = {isa = PBXFileReference; fileEncoding = 4; lastKnownFileType = sourcecode.c.h; path = "AllRecord+CoreDataProperties.h"; sourceTree = "<group>"; };
		E5C24B032000C51B0037BB41 /* AllRecord.m */ = {isa = PBXFileReference; fileEncoding = 4; lastKnownFileType = sourcecode.c.objc; path = AllRecord.m; sourceTree = "<group>"; };
		E5C24B042000C51B0037BB41 /* AllRecord.h */ = {isa = PBXFileReference; fileEncoding = 4; lastKnownFileType = sourcecode.c.h; path = AllRecord.h; sourceTree = "<group>"; };
		E5C24B072000C5210037BB41 /* HistoryTableViewCell.m */ = {isa = PBXFileReference; fileEncoding = 4; lastKnownFileType = sourcecode.c.objc; path = HistoryTableViewCell.m; sourceTree = "<group>"; };
		E5C24B082000C5210037BB41 /* HistoryTableViewCell.h */ = {isa = PBXFileReference; fileEncoding = 4; lastKnownFileType = sourcecode.c.h; path = HistoryTableViewCell.h; sourceTree = "<group>"; };
		E5C24B0A2000C5290037BB41 /* AppDelegate.m */ = {isa = PBXFileReference; fileEncoding = 4; lastKnownFileType = sourcecode.c.objc; name = AppDelegate.m; path = Controller/AppDelegate.m; sourceTree = "<group>"; };
		E5C24B0B2000C5290037BB41 /* HistoryTableViewController.h */ = {isa = PBXFileReference; fileEncoding = 4; lastKnownFileType = sourcecode.c.h; name = HistoryTableViewController.h; path = Controller/HistoryTableViewController.h; sourceTree = "<group>"; };
		E5C24B0D2000C5290037BB41 /* HistoryTableViewController.m */ = {isa = PBXFileReference; fileEncoding = 4; lastKnownFileType = sourcecode.c.objc; name = HistoryTableViewController.m; path = Controller/HistoryTableViewController.m; sourceTree = "<group>"; };
		E5C24B0E2000C52A0037BB41 /* AppDelegate.h */ = {isa = PBXFileReference; fileEncoding = 4; lastKnownFileType = sourcecode.c.h; name = AppDelegate.h; path = Controller/AppDelegate.h; sourceTree = "<group>"; };
		E5C24B162000CD4B0037BB41 /* MainVC.h */ = {isa = PBXFileReference; lastKnownFileType = sourcecode.c.h; name = MainVC.h; path = Controller/MainVC.h; sourceTree = "<group>"; };
		E5C24B172000CD4B0037BB41 /* MainVC.m */ = {isa = PBXFileReference; lastKnownFileType = sourcecode.c.objc; name = MainVC.m; path = Controller/MainVC.m; sourceTree = "<group>"; };
		E5C24BA120020BDD0037BB41 /* CoreDataManager.h */ = {isa = PBXFileReference; lastKnownFileType = sourcecode.c.h; name = CoreDataManager.h; path = Controller/CoreDataManager.h; sourceTree = "<group>"; };
		E5C24BA220020BDD0037BB41 /* CoreDataManager.m */ = {isa = PBXFileReference; lastKnownFileType = sourcecode.c.objc; name = CoreDataManager.m; path = Controller/CoreDataManager.m; sourceTree = "<group>"; };
		E5C24BA420020DA70037BB41 /* Constants.h */ = {isa = PBXFileReference; lastKnownFileType = sourcecode.c.h; name = Constants.h; path = Controller/Constants.h; sourceTree = "<group>"; };
		E5F63EB41D0E978E0042CD19 /* GoogleService-Info.plist */ = {isa = PBXFileReference; fileEncoding = 4; lastKnownFileType = text.plist.xml; path = "GoogleService-Info.plist"; sourceTree = "<group>"; };
/* End PBXFileReference section */

/* Begin PBXFrameworksBuildPhase section */
		E56A07931D07F916009B8F32 /* Frameworks */ = {
			isa = PBXFrameworksBuildPhase;
			buildActionMask = 2147483647;
			files = (
				E52A05951D0C57F600E64B88 /* CoreData.framework in Frameworks */,
				0188495372C84B3F0E5825B5 /* libPods-BMIBMRCalculator.a in Frameworks */,
			);
			runOnlyForDeploymentPostprocessing = 0;
		};
/* End PBXFrameworksBuildPhase section */

/* Begin PBXGroup section */
		BF4C58F3717FA3390985C522 /* Pods */ = {
			isa = PBXGroup;
			children = (
				966125A211D2B4555F37A346 /* Pods-BMIBMRCalculator.debug.xcconfig */,
				6CEFDDA5E67C7D4CD64C4A62 /* Pods-BMIBMRCalculator.release.xcconfig */,
			);
			name = Pods;
			sourceTree = "<group>";
		};
		BFD87CD4768332ECE44BA806 /* Frameworks */ = {
			isa = PBXGroup;
			children = (
				8AD7F70BD73EB8C8DD01B428 /* libPods-BMIBMRCalculator.a */,
			);
			name = Frameworks;
			sourceTree = "<group>";
		};
		E56A078D1D07F916009B8F32 = {
			isa = PBXGroup;
			children = (
				E52A05941D0C57F600E64B88 /* CoreData.framework */,
				E56A07981D07F916009B8F32 /* BMIBMR_Calculator */,
				E52A05961D0C58B400E64B88 /* BMIBMRRecord.xcdatamodeld */,
				E56A07971D07F916009B8F32 /* Products */,
				BF4C58F3717FA3390985C522 /* Pods */,
				BFD87CD4768332ECE44BA806 /* Frameworks */,
			);
			sourceTree = "<group>";
		};
		E56A07971D07F916009B8F32 /* Products */ = {
			isa = PBXGroup;
			children = (
				E56A07961D07F916009B8F32 /* BMIBMR.app */,
			);
			name = Products;
			sourceTree = "<group>";
		};
		E56A07981D07F916009B8F32 /* BMIBMR_Calculator */ = {
			isa = PBXGroup;
			children = (
				E5C24AFD2000C46D0037BB41 /* Resources */,
				E5C24AFC2000C4680037BB41 /* Model */,
				E5C24AFB2000C45A0037BB41 /* View */,
				E5C24AF92000C4460037BB41 /* Controller */,
				E56A07A21D07F916009B8F32 /* Main.storyboard */,
				E56A07A51D07F916009B8F32 /* Assets.xcassets */,
				E56A07A71D07F916009B8F32 /* LaunchScreen.storyboard */,
				E56A07AA1D07F916009B8F32 /* Info.plist */,
				E5F63EB41D0E978E0042CD19 /* GoogleService-Info.plist */,
				E56A07991D07F916009B8F32 /* Supporting Files */,
			);
			name = BMIBMR_Calculator;
			path = BMR_Calculator;
			sourceTree = "<group>";
		};
		E56A07991D07F916009B8F32 /* Supporting Files */ = {
			isa = PBXGroup;
			children = (
				E56A079A1D07F916009B8F32 /* main.m */,
			);
			name = "Supporting Files";
			sourceTree = "<group>";
		};
		E5C24AF92000C4460037BB41 /* Controller */ = {
			isa = PBXGroup;
			children = (
				E5C24B0E2000C52A0037BB41 /* AppDelegate.h */,
				E5C24B0A2000C5290037BB41 /* AppDelegate.m */,
				E5C24B0B2000C5290037BB41 /* HistoryTableViewController.h */,
				E5C24B0D2000C5290037BB41 /* HistoryTableViewController.m */,
				E5C24B162000CD4B0037BB41 /* MainVC.h */,
				E5C24B172000CD4B0037BB41 /* MainVC.m */,
				E5C24BA120020BDD0037BB41 /* CoreDataManager.h */,
				E5C24BA220020BDD0037BB41 /* CoreDataManager.m */,
				E5C24BA420020DA70037BB41 /* Constants.h */,
			);
			name = Controller;
			sourceTree = "<group>";
		};
		E5C24AFB2000C45A0037BB41 /* View */ = {
			isa = PBXGroup;
			children = (
				E5C24B082000C5210037BB41 /* HistoryTableViewCell.h */,
				E5C24B072000C5210037BB41 /* HistoryTableViewCell.m */,
				E547D0F32007045E00E54920 /* FancyButton.h */,
				E547D0F42007045E00E54920 /* FancyButton.m */,
			);
			path = View;
			sourceTree = "<group>";
		};
		E5C24AFC2000C4680037BB41 /* Model */ = {
			isa = PBXGroup;
			children = (
				E5C24B042000C51B0037BB41 /* AllRecord.h */,
				E5C24B032000C51B0037BB41 /* AllRecord.m */,
				E5C24B022000C51B0037BB41 /* AllRecord+CoreDataProperties.h */,
				E5C24B012000C51B0037BB41 /* AllRecord+CoreDataProperties.m */,
			);
			path = Model;
			sourceTree = "<group>";
		};
		E5C24AFD2000C46D0037BB41 /* Resources */ = {
			isa = PBXGroup;
			children = (
				E547D0F12005FC4D00E54920 /* weightScale.png */,
				E5C24AFF2000C5140037BB41 /* backgroundImage.png */,
			);
			name = Resources;
			sourceTree = "<group>";
		};
/* End PBXGroup section */

/* Begin PBXNativeTarget section */
		E56A07951D07F916009B8F32 /* BMIBMRCalculator */ = {
			isa = PBXNativeTarget;
			buildConfigurationList = E56A07AD1D07F916009B8F32 /* Build configuration list for PBXNativeTarget "BMIBMRCalculator" */;
			buildPhases = (
				282274D551E77BEBF22E2F20 /* [CP] Check Pods Manifest.lock */,
				E56A07921D07F916009B8F32 /* Sources */,
				E56A07931D07F916009B8F32 /* Frameworks */,
				E56A07941D07F916009B8F32 /* Resources */,
				30BDD26678C18537351EA500 /* [CP] Embed Pods Frameworks */,
				2236B9E97352D13B908A7EE4 /* [CP] Copy Pods Resources */,
				E547D0F620074C5800E54920 /* ShellScript */,
			);
			buildRules = (
			);
			dependencies = (
			);
			name = BMIBMRCalculator;
			productName = BMR_Calculator;
			productReference = E56A07961D07F916009B8F32 /* BMIBMR.app */;
			productType = "com.apple.product-type.application";
		};
/* End PBXNativeTarget section */

/* Begin PBXProject section */
		E56A078E1D07F916009B8F32 /* Project object */ = {
			isa = PBXProject;
			attributes = {
				LastUpgradeCheck = 0920;
				ORGANIZATIONNAME = chao;
				TargetAttributes = {
					E56A07951D07F916009B8F32 = {
						CreatedOnToolsVersion = 7.3.1;
						DevelopmentTeam = SW53M35L7P;
					};
				};
			};
			buildConfigurationList = E56A07911D07F916009B8F32 /* Build configuration list for PBXProject "BMIBMRCalculator" */;
			compatibilityVersion = "Xcode 3.2";
			developmentRegion = English;
			hasScannedForEncodings = 0;
			knownRegions = (
				en,
				Base,
			);
			mainGroup = E56A078D1D07F916009B8F32;
			productRefGroup = E56A07971D07F916009B8F32 /* Products */;
			projectDirPath = "";
			projectRoot = "";
			targets = (
				E56A07951D07F916009B8F32 /* BMIBMRCalculator */,
			);
		};
/* End PBXProject section */

/* Begin PBXResourcesBuildPhase section */
		E56A07941D07F916009B8F32 /* Resources */ = {
			isa = PBXResourcesBuildPhase;
			buildActionMask = 2147483647;
			files = (
				E56A07A91D07F916009B8F32 /* LaunchScreen.storyboard in Resources */,
				E5F63EB51D0E978E0042CD19 /* GoogleService-Info.plist in Resources */,
				E56A07A61D07F916009B8F32 /* Assets.xcassets in Resources */,
				E5C24B002000C5140037BB41 /* backgroundImage.png in Resources */,
				E56A07A41D07F916009B8F32 /* Main.storyboard in Resources */,
				E547D0F22005FC4D00E54920 /* weightScale.png in Resources */,
			);
			runOnlyForDeploymentPostprocessing = 0;
		};
/* End PBXResourcesBuildPhase section */

/* Begin PBXShellScriptBuildPhase section */
		2236B9E97352D13B908A7EE4 /* [CP] Copy Pods Resources */ = {
			isa = PBXShellScriptBuildPhase;
			buildActionMask = 2147483647;
			files = (
			);
			inputPaths = (
			);
			name = "[CP] Copy Pods Resources";
			outputPaths = (
			);
			runOnlyForDeploymentPostprocessing = 0;
			shellPath = /bin/sh;
			shellScript = "\"${SRCROOT}/Pods/Target Support Files/Pods-BMIBMRCalculator/Pods-BMIBMRCalculator-resources.sh\"\n";
			showEnvVarsInLog = 0;
		};
		282274D551E77BEBF22E2F20 /* [CP] Check Pods Manifest.lock */ = {
			isa = PBXShellScriptBuildPhase;
			buildActionMask = 2147483647;
			files = (
			);
			inputPaths = (
				"${PODS_PODFILE_DIR_PATH}/Podfile.lock",
				"${PODS_ROOT}/Manifest.lock",
			);
			name = "[CP] Check Pods Manifest.lock";
			outputPaths = (
				"$(DERIVED_FILE_DIR)/Pods-BMIBMRCalculator-checkManifestLockResult.txt",
			);
			runOnlyForDeploymentPostprocessing = 0;
			shellPath = /bin/sh;
			shellScript = "diff \"${PODS_PODFILE_DIR_PATH}/Podfile.lock\" \"${PODS_ROOT}/Manifest.lock\" > /dev/null\nif [ $? != 0 ] ; then\n    # print error to STDERR\n    echo \"error: The sandbox is not in sync with the Podfile.lock. Run 'pod install' or update your CocoaPods installation.\" >&2\n    exit 1\nfi\n# This output is used by Xcode 'outputs' to avoid re-running this script phase.\necho \"SUCCESS\" > \"${SCRIPT_OUTPUT_FILE_0}\"\n";
			showEnvVarsInLog = 0;
		};
		30BDD26678C18537351EA500 /* [CP] Embed Pods Frameworks */ = {
			isa = PBXShellScriptBuildPhase;
			buildActionMask = 2147483647;
			files = (
			);
			inputPaths = (
			);
			name = "[CP] Embed Pods Frameworks";
			outputPaths = (
			);
			runOnlyForDeploymentPostprocessing = 0;
			shellPath = /bin/sh;
			shellScript = "\"${SRCROOT}/Pods/Target Support Files/Pods-BMIBMRCalculator/Pods-BMIBMRCalculator-frameworks.sh\"\n";
			showEnvVarsInLog = 0;
		};
		E547D0F620074C5800E54920 /* ShellScript */ = {
			isa = PBXShellScriptBuildPhase;
			buildActionMask = 2147483647;
			files = (
			);
			inputPaths = (
			);
			outputPaths = (
			);
			runOnlyForDeploymentPostprocessing = 0;
			shellPath = /bin/sh;
			shellScript = "\"${PODS_ROOT}/Fabric/run\" 3b1e537135d9d308d14d5c3acbaedf8770a3d745 8570fd00a0c072c8fe857c678bda05fb6a2dc71abc48a65ec0d3624948dff31d";
		};
/* End PBXShellScriptBuildPhase section */

/* Begin PBXSourcesBuildPhase section */
		E56A07921D07F916009B8F32 /* Sources */ = {
			isa = PBXSourcesBuildPhase;
			buildActionMask = 2147483647;
			files = (
				E5C24B132000C52A0037BB41 /* HistoryTableViewController.m in Sources */,
				E547D0F52007045E00E54920 /* FancyButton.m in Sources */,
				E5C24B182000CD4B0037BB41 /* MainVC.m in Sources */,
				E5C24B052000C51B0037BB41 /* AllRecord+CoreDataProperties.m in Sources */,
				E5C24B062000C51B0037BB41 /* AllRecord.m in Sources */,
				E5C24BA320020BDD0037BB41 /* CoreDataManager.m in Sources */,
				E5C24B092000C5210037BB41 /* HistoryTableViewCell.m in Sources */,
				E52A05981D0C58B400E64B88 /* BMIBMRRecord.xcdatamodeld in Sources */,
				E56A079B1D07F916009B8F32 /* main.m in Sources */,
				E5C24B122000C52A0037BB41 /* AppDelegate.m in Sources */,
			);
			runOnlyForDeploymentPostprocessing = 0;
		};
/* End PBXSourcesBuildPhase section */

/* Begin PBXVariantGroup section */
		E56A07A21D07F916009B8F32 /* Main.storyboard */ = {
			isa = PBXVariantGroup;
			children = (
				E56A07A31D07F916009B8F32 /* Base */,
			);
			name = Main.storyboard;
			sourceTree = "<group>";
		};
		E56A07A71D07F916009B8F32 /* LaunchScreen.storyboard */ = {
			isa = PBXVariantGroup;
			children = (
				E56A07A81D07F916009B8F32 /* Base */,
			);
			name = LaunchScreen.storyboard;
			sourceTree = "<group>";
		};
/* End PBXVariantGroup section */

/* Begin XCBuildConfiguration section */
		E56A07AB1D07F916009B8F32 /* Debug */ = {
			isa = XCBuildConfiguration;
			buildSettings = {
				ALWAYS_SEARCH_USER_PATHS = NO;
				CLANG_ANALYZER_NONNULL = YES;
				CLANG_CXX_LANGUAGE_STANDARD = "gnu++0x";
				CLANG_CXX_LIBRARY = "libc++";
				CLANG_ENABLE_MODULES = YES;
				CLANG_ENABLE_OBJC_ARC = YES;
				CLANG_WARN_BLOCK_CAPTURE_AUTORELEASING = YES;
				CLANG_WARN_BOOL_CONVERSION = YES;
				CLANG_WARN_COMMA = YES;
				CLANG_WARN_CONSTANT_CONVERSION = YES;
				CLANG_WARN_DIRECT_OBJC_ISA_USAGE = YES_ERROR;
				CLANG_WARN_EMPTY_BODY = YES;
				CLANG_WARN_ENUM_CONVERSION = YES;
				CLANG_WARN_INFINITE_RECURSION = YES;
				CLANG_WARN_INT_CONVERSION = YES;
				CLANG_WARN_NON_LITERAL_NULL_CONVERSION = YES;
				CLANG_WARN_OBJC_LITERAL_CONVERSION = YES;
				CLANG_WARN_OBJC_ROOT_CLASS = YES_ERROR;
				CLANG_WARN_RANGE_LOOP_ANALYSIS = YES;
				CLANG_WARN_STRICT_PROTOTYPES = YES;
				CLANG_WARN_SUSPICIOUS_MOVE = YES;
				CLANG_WARN_UNREACHABLE_CODE = YES;
				CLANG_WARN__DUPLICATE_METHOD_MATCH = YES;
				"CODE_SIGN_IDENTITY[sdk=iphoneos*]" = "iPhone Developer";
				COPY_PHASE_STRIP = NO;
				DEBUG_INFORMATION_FORMAT = dwarf;
				ENABLE_STRICT_OBJC_MSGSEND = YES;
				ENABLE_TESTABILITY = YES;
				GCC_C_LANGUAGE_STANDARD = gnu99;
				GCC_DYNAMIC_NO_PIC = NO;
				GCC_NO_COMMON_BLOCKS = YES;
				GCC_OPTIMIZATION_LEVEL = 0;
				GCC_PREPROCESSOR_DEFINITIONS = (
					"DEBUG=1",
					"$(inherited)",
				);
				GCC_WARN_64_TO_32_BIT_CONVERSION = YES;
				GCC_WARN_ABOUT_RETURN_TYPE = YES_ERROR;
				GCC_WARN_UNDECLARED_SELECTOR = YES;
				GCC_WARN_UNINITIALIZED_AUTOS = YES_AGGRESSIVE;
				GCC_WARN_UNUSED_FUNCTION = YES;
				GCC_WARN_UNUSED_VARIABLE = YES;
				IPHONEOS_DEPLOYMENT_TARGET = 9.0;
				MTL_ENABLE_DEBUG_INFO = YES;
				ONLY_ACTIVE_ARCH = YES;
				SDKROOT = iphoneos;
				TARGETED_DEVICE_FAMILY = "1,2";
			};
			name = Debug;
		};
		E56A07AC1D07F916009B8F32 /* Release */ = {
			isa = XCBuildConfiguration;
			buildSettings = {
				ALWAYS_SEARCH_USER_PATHS = NO;
				CLANG_ANALYZER_NONNULL = YES;
				CLANG_CXX_LANGUAGE_STANDARD = "gnu++0x";
				CLANG_CXX_LIBRARY = "libc++";
				CLANG_ENABLE_MODULES = YES;
				CLANG_ENABLE_OBJC_ARC = YES;
				CLANG_WARN_BLOCK_CAPTURE_AUTORELEASING = YES;
				CLANG_WARN_BOOL_CONVERSION = YES;
				CLANG_WARN_COMMA = YES;
				CLANG_WARN_CONSTANT_CONVERSION = YES;
				CLANG_WARN_DIRECT_OBJC_ISA_USAGE = YES_ERROR;
				CLANG_WARN_EMPTY_BODY = YES;
				CLANG_WARN_ENUM_CONVERSION = YES;
				CLANG_WARN_INFINITE_RECURSION = YES;
				CLANG_WARN_INT_CONVERSION = YES;
				CLANG_WARN_NON_LITERAL_NULL_CONVERSION = YES;
				CLANG_WARN_OBJC_LITERAL_CONVERSION = YES;
				CLANG_WARN_OBJC_ROOT_CLASS = YES_ERROR;
				CLANG_WARN_RANGE_LOOP_ANALYSIS = YES;
				CLANG_WARN_STRICT_PROTOTYPES = YES;
				CLANG_WARN_SUSPICIOUS_MOVE = YES;
				CLANG_WARN_UNREACHABLE_CODE = YES;
				CLANG_WARN__DUPLICATE_METHOD_MATCH = YES;
				"CODE_SIGN_IDENTITY[sdk=iphoneos*]" = "iPhone Developer";
				COPY_PHASE_STRIP = NO;
				DEBUG_INFORMATION_FORMAT = "dwarf-with-dsym";
				ENABLE_NS_ASSERTIONS = NO;
				ENABLE_STRICT_OBJC_MSGSEND = YES;
				GCC_C_LANGUAGE_STANDARD = gnu99;
				GCC_NO_COMMON_BLOCKS = YES;
				GCC_WARN_64_TO_32_BIT_CONVERSION = YES;
				GCC_WARN_ABOUT_RETURN_TYPE = YES_ERROR;
				GCC_WARN_UNDECLARED_SELECTOR = YES;
				GCC_WARN_UNINITIALIZED_AUTOS = YES_AGGRESSIVE;
				GCC_WARN_UNUSED_FUNCTION = YES;
				GCC_WARN_UNUSED_VARIABLE = YES;
				IPHONEOS_DEPLOYMENT_TARGET = 9.0;
				MTL_ENABLE_DEBUG_INFO = NO;
				SDKROOT = iphoneos;
				TARGETED_DEVICE_FAMILY = "1,2";
				VALIDATE_PRODUCT = YES;
			};
			name = Release;
		};
		E56A07AE1D07F916009B8F32 /* Debug */ = {
			isa = XCBuildConfiguration;
			baseConfigurationReference = 966125A211D2B4555F37A346 /* Pods-BMIBMRCalculator.debug.xcconfig */;
			buildSettings = {
				ASSETCATALOG_COMPILER_APPICON_NAME = AppIcon;
				CODE_SIGN_IDENTITY = "iPhone Developer";
				"CODE_SIGN_IDENTITY[sdk=iphoneos*]" = "iPhone Developer";
				DEBUG_INFORMATION_FORMAT = "dwarf-with-dsym";
				INFOPLIST_FILE = BMR_Calculator/Info.plist;
				IPHONEOS_DEPLOYMENT_TARGET = 9.0;
				LD_RUNPATH_SEARCH_PATHS = "$(inherited) @executable_path/Frameworks";
				PRODUCT_BUNDLE_IDENTIFIER = "com.dc.BMR-Calculator";
				PRODUCT_NAME = BMIBMR;
				PROVISIONING_PROFILE = "";
				TARGETED_DEVICE_FAMILY = 1;
			};
			name = Debug;
		};
		E56A07AF1D07F916009B8F32 /* Release */ = {
			isa = XCBuildConfiguration;
			baseConfigurationReference = 6CEFDDA5E67C7D4CD64C4A62 /* Pods-BMIBMRCalculator.release.xcconfig */;
			buildSettings = {
				ASSETCATALOG_COMPILER_APPICON_NAME = AppIcon;
				CODE_SIGN_IDENTITY = "iPhone Developer";
				"CODE_SIGN_IDENTITY[sdk=iphoneos*]" = "iPhone Developer";
				INFOPLIST_FILE = BMR_Calculator/Info.plist;
				IPHONEOS_DEPLOYMENT_TARGET = 9.0;
				LD_RUNPATH_SEARCH_PATHS = "$(inherited) @executable_path/Frameworks";
				PRODUCT_BUNDLE_IDENTIFIER = "com.dc.BMR-Calculator";
				PRODUCT_NAME = BMIBMR;
				PROVISIONING_PROFILE = "";
				TARGETED_DEVICE_FAMILY = 1;
			};
			name = Release;
		};
/* End XCBuildConfiguration section */

/* Begin XCConfigurationList section */
		E56A07911D07F916009B8F32 /* Build configuration list for PBXProject "BMIBMRCalculator" */ = {
			isa = XCConfigurationList;
			buildConfigurations = (
				E56A07AB1D07F916009B8F32 /* Debug */,
				E56A07AC1D07F916009B8F32 /* Release */,
			);
			defaultConfigurationIsVisible = 0;
			defaultConfigurationName = Release;
		};
		E56A07AD1D07F916009B8F32 /* Build configuration list for PBXNativeTarget "BMIBMRCalculator" */ = {
			isa = XCConfigurationList;
			buildConfigurations = (
				E56A07AE1D07F916009B8F32 /* Debug */,
				E56A07AF1D07F916009B8F32 /* Release */,
			);
			defaultConfigurationIsVisible = 0;
			defaultConfigurationName = Release;
		};
/* End XCConfigurationList section */

/* Begin XCVersionGroup section */
		E52A05961D0C58B400E64B88 /* BMIBMRRecord.xcdatamodeld */ = {
			isa = XCVersionGroup;
			children = (
				E52A05971D0C58B400E64B88 /* BMIBMRRecord.xcdatamodel */,
			);
			currentVersion = E52A05971D0C58B400E64B88 /* BMIBMRRecord.xcdatamodel */;
			name = BMIBMRRecord.xcdatamodeld;
			path = BMR_Calculator/BMIBMRRecord.xcdatamodeld;
			sourceTree = "<group>";
			versionGroupType = wrapper.xcdatamodel;
		};
/* End XCVersionGroup section */
	};
	rootObject = E56A078E1D07F916009B8F32 /* Project object */;
}
